// !$*UTF8*$!
{
	archiveVersion = 1;
	classes = {
	};
	objectVersion = 56;
	objects = {

/* Begin PBXBuildFile section */
		8134547929CE49CD009E3164 /* Test.swift in Sources */ = {isa = PBXBuildFile; fileRef = 8134547829CE49CD009E3164 /* Test.swift */; };
		8135893A29C9D14800F41B20 /* Forecast5DaysCell.swift in Sources */ = {isa = PBXBuildFile; fileRef = 8135893929C9D14800F41B20 /* Forecast5DaysCell.swift */; };
		8135893D29CA140B00F41B20 /* DayCellForCollection.swift in Sources */ = {isa = PBXBuildFile; fileRef = 8135893C29CA140B00F41B20 /* DayCellForCollection.swift */; };
		8135893F29CA184900F41B20 /* GradientViewForCollectionCell.swift in Sources */ = {isa = PBXBuildFile; fileRef = 8135893E29CA184900F41B20 /* GradientViewForCollectionCell.swift */; };
		8135896129CDA59B00F41B20 /* DetailedViewController.swift in Sources */ = {isa = PBXBuildFile; fileRef = 8135896029CDA59B00F41B20 /* DetailedViewController.swift */; };
		8135896429CDA91400F41B20 /* DetailedCell.swift in Sources */ = {isa = PBXBuildFile; fileRef = 8135896329CDA91400F41B20 /* DetailedCell.swift */; };
		8135898629CDF5AF00F41B20 /* ViewForNavigationBar.swift in Sources */ = {isa = PBXBuildFile; fileRef = 8135898529CDF5AF00F41B20 /* ViewForNavigationBar.swift */; };
		81CB260129C1E4BE004966A9 /* ForecastTodayCell.swift in Sources */ = {isa = PBXBuildFile; fileRef = 81CB260029C1E4BE004966A9 /* ForecastTodayCell.swift */; };
		81CB262429C36F0A004966A9 /* GradientView.swift in Sources */ = {isa = PBXBuildFile; fileRef = 81CB262329C36F0A004966A9 /* GradientView.swift */; };
		81CB262729C38196004966A9 /* a_AvanteBs_ExtraBold.ttf in Resources */ = {isa = PBXBuildFile; fileRef = 81CB262629C38196004966A9 /* a_AvanteBs_ExtraBold.ttf */; };
		81CB262929C3845F004966A9 /* NewFonts.swift in Sources */ = {isa = PBXBuildFile; fileRef = 81CB262829C3845F004966A9 /* NewFonts.swift */; };
		81CB262B29C47E62004966A9 /* DetailedForecastTodayCell.swift in Sources */ = {isa = PBXBuildFile; fileRef = 81CB262A29C47E62004966A9 /* DetailedForecastTodayCell.swift */; };
		81CB262D29C497C7004966A9 /* ItemViewforStackFromDetailedCell.swift in Sources */ = {isa = PBXBuildFile; fileRef = 81CB262C29C497C7004966A9 /* ItemViewforStackFromDetailedCell.swift */; };
		81F9D7FC29C07F1100475D19 /* AppDelegate.swift in Sources */ = {isa = PBXBuildFile; fileRef = 81F9D7FB29C07F1100475D19 /* AppDelegate.swift */; };
		81F9D7FE29C07F1100475D19 /* SceneDelegate.swift in Sources */ = {isa = PBXBuildFile; fileRef = 81F9D7FD29C07F1100475D19 /* SceneDelegate.swift */; };
		81F9D80029C07F1100475D19 /* ViewController.swift in Sources */ = {isa = PBXBuildFile; fileRef = 81F9D7FF29C07F1100475D19 /* ViewController.swift */; };
		81F9D80629C07F1100475D19 /* Weather_forecast_v2_0.xcdatamodeld in Sources */ = {isa = PBXBuildFile; fileRef = 81F9D80429C07F1100475D19 /* Weather_forecast_v2_0.xcdatamodeld */; };
		81F9D80829C07F1300475D19 /* Assets.xcassets in Resources */ = {isa = PBXBuildFile; fileRef = 81F9D80729C07F1300475D19 /* Assets.xcassets */; };
		81F9D80B29C07F1300475D19 /* LaunchScreen.storyboard in Resources */ = {isa = PBXBuildFile; fileRef = 81F9D80929C07F1300475D19 /* LaunchScreen.storyboard */; };
		81F9D81B29C0A85300475D19 /* UIColor.swift in Sources */ = {isa = PBXBuildFile; fileRef = 81F9D81A29C0A85300475D19 /* UIColor.swift */; };
		81F9D82029C0B08E00475D19 /* FactoryView.swift in Sources */ = {isa = PBXBuildFile; fileRef = 81F9D81F29C0B08E00475D19 /* FactoryView.swift */; };
/* End PBXBuildFile section */

/* Begin PBXFileReference section */
		8134547829CE49CD009E3164 /* Test.swift */ = {isa = PBXFileReference; lastKnownFileType = sourcecode.swift; path = Test.swift; sourceTree = "<group>"; };
		8135893929C9D14800F41B20 /* Forecast5DaysCell.swift */ = {isa = PBXFileReference; lastKnownFileType = sourcecode.swift; path = Forecast5DaysCell.swift; sourceTree = "<group>"; };
		8135893C29CA140B00F41B20 /* DayCellForCollection.swift */ = {isa = PBXFileReference; lastKnownFileType = sourcecode.swift; path = DayCellForCollection.swift; sourceTree = "<group>"; };
		8135893E29CA184900F41B20 /* GradientViewForCollectionCell.swift */ = {isa = PBXFileReference; lastKnownFileType = sourcecode.swift; path = GradientViewForCollectionCell.swift; sourceTree = "<group>"; };
		8135896029CDA59B00F41B20 /* DetailedViewController.swift */ = {isa = PBXFileReference; lastKnownFileType = sourcecode.swift; path = DetailedViewController.swift; sourceTree = "<group>"; };
		8135896329CDA91400F41B20 /* DetailedCell.swift */ = {isa = PBXFileReference; lastKnownFileType = sourcecode.swift; path = DetailedCell.swift; sourceTree = "<group>"; };
		8135898529CDF5AF00F41B20 /* ViewForNavigationBar.swift */ = {isa = PBXFileReference; lastKnownFileType = sourcecode.swift; path = ViewForNavigationBar.swift; sourceTree = "<group>"; };
		81CB260029C1E4BE004966A9 /* ForecastTodayCell.swift */ = {isa = PBXFileReference; lastKnownFileType = sourcecode.swift; path = ForecastTodayCell.swift; sourceTree = "<group>"; };
		81CB262329C36F0A004966A9 /* GradientView.swift */ = {isa = PBXFileReference; lastKnownFileType = sourcecode.swift; path = GradientView.swift; sourceTree = "<group>"; };
		81CB262629C38196004966A9 /* a_AvanteBs_ExtraBold.ttf */ = {isa = PBXFileReference; lastKnownFileType = file; path = a_AvanteBs_ExtraBold.ttf; sourceTree = "<group>"; };
		81CB262829C3845F004966A9 /* NewFonts.swift */ = {isa = PBXFileReference; lastKnownFileType = sourcecode.swift; path = NewFonts.swift; sourceTree = "<group>"; };
		81CB262A29C47E62004966A9 /* DetailedForecastTodayCell.swift */ = {isa = PBXFileReference; lastKnownFileType = sourcecode.swift; path = DetailedForecastTodayCell.swift; sourceTree = "<group>"; };
		81CB262C29C497C7004966A9 /* ItemViewforStackFromDetailedCell.swift */ = {isa = PBXFileReference; lastKnownFileType = sourcecode.swift; path = ItemViewforStackFromDetailedCell.swift; sourceTree = "<group>"; };
		81F9D7F829C07F1100475D19 /* Weather forecast v2.0.app */ = {isa = PBXFileReference; explicitFileType = wrapper.application; includeInIndex = 0; path = "Weather forecast v2.0.app"; sourceTree = BUILT_PRODUCTS_DIR; };
		81F9D7FB29C07F1100475D19 /* AppDelegate.swift */ = {isa = PBXFileReference; lastKnownFileType = sourcecode.swift; path = AppDelegate.swift; sourceTree = "<group>"; };
		81F9D7FD29C07F1100475D19 /* SceneDelegate.swift */ = {isa = PBXFileReference; lastKnownFileType = sourcecode.swift; path = SceneDelegate.swift; sourceTree = "<group>"; };
		81F9D7FF29C07F1100475D19 /* ViewController.swift */ = {isa = PBXFileReference; lastKnownFileType = sourcecode.swift; path = ViewController.swift; sourceTree = "<group>"; };
		81F9D80529C07F1100475D19 /* Weather_forecast_v2_0.xcdatamodel */ = {isa = PBXFileReference; lastKnownFileType = wrapper.xcdatamodel; path = Weather_forecast_v2_0.xcdatamodel; sourceTree = "<group>"; };
		81F9D80729C07F1300475D19 /* Assets.xcassets */ = {isa = PBXFileReference; lastKnownFileType = folder.assetcatalog; path = Assets.xcassets; sourceTree = "<group>"; };
		81F9D80A29C07F1300475D19 /* Base */ = {isa = PBXFileReference; lastKnownFileType = file.storyboard; name = Base; path = Base.lproj/LaunchScreen.storyboard; sourceTree = "<group>"; };
		81F9D80C29C07F1300475D19 /* Info.plist */ = {isa = PBXFileReference; lastKnownFileType = text.plist.xml; path = Info.plist; sourceTree = "<group>"; };
		81F9D81A29C0A85300475D19 /* UIColor.swift */ = {isa = PBXFileReference; lastKnownFileType = sourcecode.swift; path = UIColor.swift; sourceTree = "<group>"; };
		81F9D81F29C0B08E00475D19 /* FactoryView.swift */ = {isa = PBXFileReference; lastKnownFileType = sourcecode.swift; path = FactoryView.swift; sourceTree = "<group>"; };
/* End PBXFileReference section */

/* Begin PBXFrameworksBuildPhase section */
		81F9D7F529C07F1100475D19 /* Frameworks */ = {
			isa = PBXFrameworksBuildPhase;
			buildActionMask = 2147483647;
			files = (
			);
			runOnlyForDeploymentPostprocessing = 0;
		};
/* End PBXFrameworksBuildPhase section */

/* Begin PBXGroup section */
		8135893B29CA12FC00F41B20 /* Cell for Collection */ = {
			isa = PBXGroup;
			children = (
				8135893C29CA140B00F41B20 /* DayCellForCollection.swift */,
			);
			path = "Cell for Collection";
			sourceTree = "<group>";
		};
		8135896229CDA88D00F41B20 /* DetailedScen */ = {
			isa = PBXGroup;
			children = (
				8135896329CDA91400F41B20 /* DetailedCell.swift */,
			);
			path = DetailedScen;
			sourceTree = "<group>";
		};
		81CB25FB29C1E220004966A9 /* MainScen */ = {
			isa = PBXGroup;
			children = (
				81CB260029C1E4BE004966A9 /* ForecastTodayCell.swift */,
				81CB262A29C47E62004966A9 /* DetailedForecastTodayCell.swift */,
				8135893929C9D14800F41B20 /* Forecast5DaysCell.swift */,
				8135893B29CA12FC00F41B20 /* Cell for Collection */,
			);
			path = MainScen;
			sourceTree = "<group>";
		};
		81CB25FF29C1E242004966A9 /* Cell */ = {
			isa = PBXGroup;
			children = (
				81CB25FB29C1E220004966A9 /* MainScen */,
				8135896229CDA88D00F41B20 /* DetailedScen */,
			);
			path = Cell;
			sourceTree = "<group>";
		};
		81CB262229C36ED7004966A9 /* Helpers */ = {
			isa = PBXGroup;
			children = (
				81CB262329C36F0A004966A9 /* GradientView.swift */,
				8135893E29CA184900F41B20 /* GradientViewForCollectionCell.swift */,
			);
			path = Helpers;
			sourceTree = "<group>";
		};
		81CB262529C38157004966A9 /* Font */ = {
			isa = PBXGroup;
			children = (
				81CB262629C38196004966A9 /* a_AvanteBs_ExtraBold.ttf */,
			);
			path = Font;
			sourceTree = "<group>";
		};
		81F9D7EF29C07F1100475D19 = {
			isa = PBXGroup;
			children = (
				81F9D7FA29C07F1100475D19 /* Weather forecast v2.0 */,
				81F9D7F929C07F1100475D19 /* Products */,
			);
			sourceTree = "<group>";
		};
		81F9D7F929C07F1100475D19 /* Products */ = {
			isa = PBXGroup;
			children = (
				81F9D7F829C07F1100475D19 /* Weather forecast v2.0.app */,
			);
			name = Products;
			sourceTree = "<group>";
		};
		81F9D7FA29C07F1100475D19 /* Weather forecast v2.0 */ = {
			isa = PBXGroup;
			children = (
				81F9D81529C0842B00475D19 /* App */,
				81F9D81229C083EC00475D19 /* Model */,
				81F9D81329C083F500475D19 /* View */,
				81F9D81429C0840F00475D19 /* Controller */,
				81F9D81929C0A82400475D19 /* Extension */,
				81CB262229C36ED7004966A9 /* Helpers */,
				81F9D81629C0847900475D19 /* Core Data */,
				81CB262529C38157004966A9 /* Font */,
				81F9D80729C07F1300475D19 /* Assets.xcassets */,
				81F9D80929C07F1300475D19 /* LaunchScreen.storyboard */,
				81F9D80C29C07F1300475D19 /* Info.plist */,
			);
			path = "Weather forecast v2.0";
			sourceTree = "<group>";
		};
		81F9D81229C083EC00475D19 /* Model */ = {
			isa = PBXGroup;
			children = (
			);
			path = Model;
			sourceTree = "<group>";
		};
		81F9D81329C083F500475D19 /* View */ = {
			isa = PBXGroup;
			children = (
				81F9D81F29C0B08E00475D19 /* FactoryView.swift */,
				8135898529CDF5AF00F41B20 /* ViewForNavigationBar.swift */,
				8134547829CE49CD009E3164 /* Test.swift */,
				81CB262C29C497C7004966A9 /* ItemViewforStackFromDetailedCell.swift */,
				81CB25FF29C1E242004966A9 /* Cell */,
			);
			path = View;
			sourceTree = "<group>";
		};
		81F9D81429C0840F00475D19 /* Controller */ = {
			isa = PBXGroup;
			children = (
				81F9D7FF29C07F1100475D19 /* ViewController.swift */,
				8135896029CDA59B00F41B20 /* DetailedViewController.swift */,
			);
			path = Controller;
			sourceTree = "<group>";
		};
		81F9D81529C0842B00475D19 /* App */ = {
			isa = PBXGroup;
			children = (
				81F9D7FB29C07F1100475D19 /* AppDelegate.swift */,
				81F9D7FD29C07F1100475D19 /* SceneDelegate.swift */,
			);
			path = App;
			sourceTree = "<group>";
		};
		81F9D81629C0847900475D19 /* Core Data */ = {
			isa = PBXGroup;
			children = (
				81F9D80429C07F1100475D19 /* Weather_forecast_v2_0.xcdatamodeld */,
			);
			path = "Core Data";
			sourceTree = "<group>";
		};
		81F9D81929C0A82400475D19 /* Extension */ = {
			isa = PBXGroup;
			children = (
				81F9D81A29C0A85300475D19 /* UIColor.swift */,
				81CB262829C3845F004966A9 /* NewFonts.swift */,
			);
			path = Extension;
			sourceTree = "<group>";
		};
/* End PBXGroup section */

/* Begin PBXNativeTarget section */
		81F9D7F729C07F1100475D19 /* Weather forecast v2.0 */ = {
			isa = PBXNativeTarget;
			buildConfigurationList = 81F9D80F29C07F1300475D19 /* Build configuration list for PBXNativeTarget "Weather forecast v2.0" */;
			buildPhases = (
				81F9D7F429C07F1100475D19 /* Sources */,
				81F9D7F529C07F1100475D19 /* Frameworks */,
				81F9D7F629C07F1100475D19 /* Resources */,
			);
			buildRules = (
			);
			dependencies = (
			);
			name = "Weather forecast v2.0";
			productName = "Weather forecast v2.0";
			productReference = 81F9D7F829C07F1100475D19 /* Weather forecast v2.0.app */;
			productType = "com.apple.product-type.application";
		};
/* End PBXNativeTarget section */

/* Begin PBXProject section */
		81F9D7F029C07F1100475D19 /* Project object */ = {
			isa = PBXProject;
			attributes = {
				BuildIndependentTargetsInParallel = 1;
				LastSwiftUpdateCheck = 1420;
				LastUpgradeCheck = 1420;
				TargetAttributes = {
					81F9D7F729C07F1100475D19 = {
						CreatedOnToolsVersion = 14.2;
					};
				};
			};
			buildConfigurationList = 81F9D7F329C07F1100475D19 /* Build configuration list for PBXProject "Weather forecast v2.0" */;
			compatibilityVersion = "Xcode 14.0";
			developmentRegion = en;
			hasScannedForEncodings = 0;
			knownRegions = (
				en,
				Base,
			);
			mainGroup = 81F9D7EF29C07F1100475D19;
			productRefGroup = 81F9D7F929C07F1100475D19 /* Products */;
			projectDirPath = "";
			projectRoot = "";
			targets = (
				81F9D7F729C07F1100475D19 /* Weather forecast v2.0 */,
			);
		};
/* End PBXProject section */

/* Begin PBXResourcesBuildPhase section */
		81F9D7F629C07F1100475D19 /* Resources */ = {
			isa = PBXResourcesBuildPhase;
			buildActionMask = 2147483647;
			files = (
				81F9D80B29C07F1300475D19 /* LaunchScreen.storyboard in Resources */,
				81F9D80829C07F1300475D19 /* Assets.xcassets in Resources */,
				81CB262729C38196004966A9 /* a_AvanteBs_ExtraBold.ttf in Resources */,
			);
			runOnlyForDeploymentPostprocessing = 0;
		};
/* End PBXResourcesBuildPhase section */

/* Begin PBXSourcesBuildPhase section */
		81F9D7F429C07F1100475D19 /* Sources */ = {
			isa = PBXSourcesBuildPhase;
			buildActionMask = 2147483647;
			files = (
				81F9D80029C07F1100475D19 /* ViewController.swift in Sources */,
				81F9D7FC29C07F1100475D19 /* AppDelegate.swift in Sources */,
				8135896129CDA59B00F41B20 /* DetailedViewController.swift in Sources */,
				81CB262B29C47E62004966A9 /* DetailedForecastTodayCell.swift in Sources */,
				81F9D80629C07F1100475D19 /* Weather_forecast_v2_0.xcdatamodeld in Sources */,
				8135893D29CA140B00F41B20 /* DayCellForCollection.swift in Sources */,
				81CB262929C3845F004966A9 /* NewFonts.swift in Sources */,
				81F9D7FE29C07F1100475D19 /* SceneDelegate.swift in Sources */,
				8135898629CDF5AF00F41B20 /* ViewForNavigationBar.swift in Sources */,
				81CB260129C1E4BE004966A9 /* ForecastTodayCell.swift in Sources */,
				8135896429CDA91400F41B20 /* DetailedCell.swift in Sources */,
				8134547929CE49CD009E3164 /* Test.swift in Sources */,
				8135893F29CA184900F41B20 /* GradientViewForCollectionCell.swift in Sources */,
				8135893A29C9D14800F41B20 /* Forecast5DaysCell.swift in Sources */,
				81F9D81B29C0A85300475D19 /* UIColor.swift in Sources */,
				81CB262429C36F0A004966A9 /* GradientView.swift in Sources */,
				81F9D82029C0B08E00475D19 /* FactoryView.swift in Sources */,
				81CB262D29C497C7004966A9 /* ItemViewforStackFromDetailedCell.swift in Sources */,
			);
			runOnlyForDeploymentPostprocessing = 0;
		};
/* End PBXSourcesBuildPhase section */

/* Begin PBXVariantGroup section */
		81F9D80929C07F1300475D19 /* LaunchScreen.storyboard */ = {
			isa = PBXVariantGroup;
			children = (
				81F9D80A29C07F1300475D19 /* Base */,
			);
			name = LaunchScreen.storyboard;
			sourceTree = "<group>";
		};
/* End PBXVariantGroup section */

/* Begin XCBuildConfiguration section */
		81F9D80D29C07F1300475D19 /* Debug */ = {
			isa = XCBuildConfiguration;
			buildSettings = {
				ALWAYS_SEARCH_USER_PATHS = NO;
				CLANG_ANALYZER_NONNULL = YES;
				CLANG_ANALYZER_NUMBER_OBJECT_CONVERSION = YES_AGGRESSIVE;
				CLANG_CXX_LANGUAGE_STANDARD = "gnu++20";
				CLANG_ENABLE_MODULES = YES;
				CLANG_ENABLE_OBJC_ARC = YES;
				CLANG_ENABLE_OBJC_WEAK = YES;
				CLANG_WARN_BLOCK_CAPTURE_AUTORELEASING = YES;
				CLANG_WARN_BOOL_CONVERSION = YES;
				CLANG_WARN_COMMA = YES;
				CLANG_WARN_CONSTANT_CONVERSION = YES;
				CLANG_WARN_DEPRECATED_OBJC_IMPLEMENTATIONS = YES;
				CLANG_WARN_DIRECT_OBJC_ISA_USAGE = YES_ERROR;
				CLANG_WARN_DOCUMENTATION_COMMENTS = YES;
				CLANG_WARN_EMPTY_BODY = YES;
				CLANG_WARN_ENUM_CONVERSION = YES;
				CLANG_WARN_INFINITE_RECURSION = YES;
				CLANG_WARN_INT_CONVERSION = YES;
				CLANG_WARN_NON_LITERAL_NULL_CONVERSION = YES;
				CLANG_WARN_OBJC_IMPLICIT_RETAIN_SELF = YES;
				CLANG_WARN_OBJC_LITERAL_CONVERSION = YES;
				CLANG_WARN_OBJC_ROOT_CLASS = YES_ERROR;
				CLANG_WARN_QUOTED_INCLUDE_IN_FRAMEWORK_HEADER = YES;
				CLANG_WARN_RANGE_LOOP_ANALYSIS = YES;
				CLANG_WARN_STRICT_PROTOTYPES = YES;
				CLANG_WARN_SUSPICIOUS_MOVE = YES;
				CLANG_WARN_UNGUARDED_AVAILABILITY = YES_AGGRESSIVE;
				CLANG_WARN_UNREACHABLE_CODE = YES;
				CLANG_WARN__DUPLICATE_METHOD_MATCH = YES;
				COPY_PHASE_STRIP = NO;
				DEBUG_INFORMATION_FORMAT = dwarf;
				ENABLE_STRICT_OBJC_MSGSEND = YES;
				ENABLE_TESTABILITY = YES;
				GCC_C_LANGUAGE_STANDARD = gnu11;
				GCC_DYNAMIC_NO_PIC = NO;
				GCC_NO_COMMON_BLOCKS = YES;
				GCC_OPTIMIZATION_LEVEL = 0;
				GCC_PREPROCESSOR_DEFINITIONS = (
					"DEBUG=1",
					"$(inherited)",
				);
				GCC_WARN_64_TO_32_BIT_CONVERSION = YES;
				GCC_WARN_ABOUT_RETURN_TYPE = YES_ERROR;
				GCC_WARN_UNDECLARED_SELECTOR = YES;
				GCC_WARN_UNINITIALIZED_AUTOS = YES_AGGRESSIVE;
				GCC_WARN_UNUSED_FUNCTION = YES;
				GCC_WARN_UNUSED_VARIABLE = YES;
				IPHONEOS_DEPLOYMENT_TARGET = 16.2;
				MTL_ENABLE_DEBUG_INFO = INCLUDE_SOURCE;
				MTL_FAST_MATH = YES;
				ONLY_ACTIVE_ARCH = YES;
				SDKROOT = iphoneos;
				SWIFT_ACTIVE_COMPILATION_CONDITIONS = DEBUG;
				SWIFT_OPTIMIZATION_LEVEL = "-Onone";
			};
			name = Debug;
		};
		81F9D80E29C07F1300475D19 /* Release */ = {
			isa = XCBuildConfiguration;
			buildSettings = {
				ALWAYS_SEARCH_USER_PATHS = NO;
				CLANG_ANALYZER_NONNULL = YES;
				CLANG_ANALYZER_NUMBER_OBJECT_CONVERSION = YES_AGGRESSIVE;
				CLANG_CXX_LANGUAGE_STANDARD = "gnu++20";
				CLANG_ENABLE_MODULES = YES;
				CLANG_ENABLE_OBJC_ARC = YES;
				CLANG_ENABLE_OBJC_WEAK = YES;
				CLANG_WARN_BLOCK_CAPTURE_AUTORELEASING = YES;
				CLANG_WARN_BOOL_CONVERSION = YES;
				CLANG_WARN_COMMA = YES;
				CLANG_WARN_CONSTANT_CONVERSION = YES;
				CLANG_WARN_DEPRECATED_OBJC_IMPLEMENTATIONS = YES;
				CLANG_WARN_DIRECT_OBJC_ISA_USAGE = YES_ERROR;
				CLANG_WARN_DOCUMENTATION_COMMENTS = YES;
				CLANG_WARN_EMPTY_BODY = YES;
				CLANG_WARN_ENUM_CONVERSION = YES;
				CLANG_WARN_INFINITE_RECURSION = YES;
				CLANG_WARN_INT_CONVERSION = YES;
				CLANG_WARN_NON_LITERAL_NULL_CONVERSION = YES;
				CLANG_WARN_OBJC_IMPLICIT_RETAIN_SELF = YES;
				CLANG_WARN_OBJC_LITERAL_CONVERSION = YES;
				CLANG_WARN_OBJC_ROOT_CLASS = YES_ERROR;
				CLANG_WARN_QUOTED_INCLUDE_IN_FRAMEWORK_HEADER = YES;
				CLANG_WARN_RANGE_LOOP_ANALYSIS = YES;
				CLANG_WARN_STRICT_PROTOTYPES = YES;
				CLANG_WARN_SUSPICIOUS_MOVE = YES;
				CLANG_WARN_UNGUARDED_AVAILABILITY = YES_AGGRESSIVE;
				CLANG_WARN_UNREACHABLE_CODE = YES;
				CLANG_WARN__DUPLICATE_METHOD_MATCH = YES;
				COPY_PHASE_STRIP = NO;
				DEBUG_INFORMATION_FORMAT = "dwarf-with-dsym";
				ENABLE_NS_ASSERTIONS = NO;
				ENABLE_STRICT_OBJC_MSGSEND = YES;
				GCC_C_LANGUAGE_STANDARD = gnu11;
				GCC_NO_COMMON_BLOCKS = YES;
				GCC_WARN_64_TO_32_BIT_CONVERSION = YES;
				GCC_WARN_ABOUT_RETURN_TYPE = YES_ERROR;
				GCC_WARN_UNDECLARED_SELECTOR = YES;
				GCC_WARN_UNINITIALIZED_AUTOS = YES_AGGRESSIVE;
				GCC_WARN_UNUSED_FUNCTION = YES;
				GCC_WARN_UNUSED_VARIABLE = YES;
				IPHONEOS_DEPLOYMENT_TARGET = 16.2;
				MTL_ENABLE_DEBUG_INFO = NO;
				MTL_FAST_MATH = YES;
				SDKROOT = iphoneos;
				SWIFT_COMPILATION_MODE = wholemodule;
				SWIFT_OPTIMIZATION_LEVEL = "-O";
				VALIDATE_PRODUCT = YES;
			};
			name = Release;
		};
		81F9D81029C07F1300475D19 /* Debug */ = {
			isa = XCBuildConfiguration;
			buildSettings = {
				ASSETCATALOG_COMPILER_APPICON_NAME = AppIcon;
				ASSETCATALOG_COMPILER_GLOBAL_ACCENT_COLOR_NAME = AccentColor;
				CODE_SIGN_STYLE = Automatic;
				CURRENT_PROJECT_VERSION = 1;
				GENERATE_INFOPLIST_FILE = YES;
				INFOPLIST_FILE = "Weather forecast v2.0/Info.plist";
				INFOPLIST_KEY_UIApplicationSupportsIndirectInputEvents = YES;
				INFOPLIST_KEY_UILaunchStoryboardName = LaunchScreen;
				INFOPLIST_KEY_UISupportedInterfaceOrientations_iPad = "UIInterfaceOrientationPortrait UIInterfaceOrientationPortraitUpsideDown UIInterfaceOrientationLandscapeLeft UIInterfaceOrientationLandscapeRight";
				INFOPLIST_KEY_UISupportedInterfaceOrientations_iPhone = "UIInterfaceOrientationPortrait UIInterfaceOrientationLandscapeLeft UIInterfaceOrientationLandscapeRight";
				IPHONEOS_DEPLOYMENT_TARGET = 15.1;
				LD_RUNPATH_SEARCH_PATHS = (
					"$(inherited)",
					"@executable_path/Frameworks",
				);
				MARKETING_VERSION = 1.0;
				PRODUCT_BUNDLE_IDENTIFIER = "Tyshkan4ik.Weather-forecast-v2-0";
				PRODUCT_NAME = "$(TARGET_NAME)";
				SWIFT_EMIT_LOC_STRINGS = YES;
				SWIFT_VERSION = 5.0;
				TARGETED_DEVICE_FAMILY = "1,2";
			};
			name = Debug;
		};
		81F9D81129C07F1300475D19 /* Release */ = {
			isa = XCBuildConfiguration;
			buildSettings = {
				ASSETCATALOG_COMPILER_APPICON_NAME = AppIcon;
				ASSETCATALOG_COMPILER_GLOBAL_ACCENT_COLOR_NAME = AccentColor;
				CODE_SIGN_STYLE = Automatic;
				CURRENT_PROJECT_VERSION = 1;
				GENERATE_INFOPLIST_FILE = YES;
				INFOPLIST_FILE = "Weather forecast v2.0/Info.plist";
				INFOPLIST_KEY_UIApplicationSupportsIndirectInputEvents = YES;
				INFOPLIST_KEY_UILaunchStoryboardName = LaunchScreen;
				INFOPLIST_KEY_UISupportedInterfaceOrientations_iPad = "UIInterfaceOrientationPortrait UIInterfaceOrientationPortraitUpsideDown UIInterfaceOrientationLandscapeLeft UIInterfaceOrientationLandscapeRight";
				INFOPLIST_KEY_UISupportedInterfaceOrientations_iPhone = "UIInterfaceOrientationPortrait UIInterfaceOrientationLandscapeLeft UIInterfaceOrientationLandscapeRight";
				IPHONEOS_DEPLOYMENT_TARGET = 15.1;
				LD_RUNPATH_SEARCH_PATHS = (
					"$(inherited)",
					"@executable_path/Frameworks",
				);
				MARKETING_VERSION = 1.0;
				PRODUCT_BUNDLE_IDENTIFIER = "Tyshkan4ik.Weather-forecast-v2-0";
				PRODUCT_NAME = "$(TARGET_NAME)";
				SWIFT_EMIT_LOC_STRINGS = YES;
				SWIFT_VERSION = 5.0;
				TARGETED_DEVICE_FAMILY = "1,2";
			};
			name = Release;
		};
/* End XCBuildConfiguration section */

/* Begin XCConfigurationList section */
		81F9D7F329C07F1100475D19 /* Build configuration list for PBXProject "Weather forecast v2.0" */ = {
			isa = XCConfigurationList;
			buildConfigurations = (
				81F9D80D29C07F1300475D19 /* Debug */,
				81F9D80E29C07F1300475D19 /* Release */,
			);
			defaultConfigurationIsVisible = 0;
			defaultConfigurationName = Release;
		};
		81F9D80F29C07F1300475D19 /* Build configuration list for PBXNativeTarget "Weather forecast v2.0" */ = {
			isa = XCConfigurationList;
			buildConfigurations = (
				81F9D81029C07F1300475D19 /* Debug */,
				81F9D81129C07F1300475D19 /* Release */,
			);
			defaultConfigurationIsVisible = 0;
			defaultConfigurationName = Release;
		};
/* End XCConfigurationList section */

/* Begin XCVersionGroup section */
		81F9D80429C07F1100475D19 /* Weather_forecast_v2_0.xcdatamodeld */ = {
			isa = XCVersionGroup;
			children = (
				81F9D80529C07F1100475D19 /* Weather_forecast_v2_0.xcdatamodel */,
			);
			currentVersion = 81F9D80529C07F1100475D19 /* Weather_forecast_v2_0.xcdatamodel */;
			path = Weather_forecast_v2_0.xcdatamodeld;
			sourceTree = "<group>";
			versionGroupType = wrapper.xcdatamodel;
		};
/* End XCVersionGroup section */
	};
	rootObject = 81F9D7F029C07F1100475D19 /* Project object */;
}
